
Microsoft Visual Studio Solution File, Format Version 11.00
# Visual Studio 2010
Project("{FAE04EC0-301F-11D3-BF4B-00C04F79EFBC}") = "space_p", "Assembly-CSharp.csproj", "{996FED48-F197-40F1-9369-0C946D5443A5}"
EndProject
Project("{FAE04EC0-301F-11D3-BF4B-00C04F79EFBC}") = "space_p", "Assembly-CSharp-firstpass.csproj", "{20E1E588-F10B-1194-4CA9-4253123D0757}"
EndProject
Global
	GlobalSection(SolutionConfigurationPlatforms) = preSolution
		Debug|Any CPU = Debug|Any CPU
		Release|Any CPU = Release|Any CPU
	EndGlobalSection
	GlobalSection(ProjectConfigurationPlatforms) = postSolution
		{996FED48-F197-40F1-9369-0C946D5443A5}.Debug|Any CPU.ActiveCfg = Debug|Any CPU
		{996FED48-F197-40F1-9369-0C946D5443A5}.Debug|Any CPU.Build.0 = Debug|Any CPU
		{996FED48-F197-40F1-9369-0C946D5443A5}.Release|Any CPU.ActiveCfg = Release|Any CPU
		{996FED48-F197-40F1-9369-0C946D5443A5}.Release|Any CPU.Build.0 = Release|Any CPU
		{20E1E588-F10B-1194-4CA9-4253123D0757}.Debug|Any CPU.ActiveCfg = Debug|Any CPU
		{20E1E588-F10B-1194-4CA9-4253123D0757}.Debug|Any CPU.Build.0 = Debug|Any CPU
		{20E1E588-F10B-1194-4CA9-4253123D0757}.Release|Any CPU.ActiveCfg = Release|Any CPU
		{20E1E588-F10B-1194-4CA9-4253123D0757}.Release|Any CPU.Build.0 = Release|Any CPU
	EndGlobalSection
	GlobalSection(SolutionProperties) = preSolution
		HideSolutionNode = FALSE
	EndGlobalSection
	GlobalSection(MonoDevelopProperties) = preSolution
		StartupItem = Assembly-CSharp.csproj
	EndGlobalSection
EndGlobal
